
Microsoft Visual Studio Solution File, Format Version 11.00
# Visual Studio 2010
Project("{8BC9CEB8-8B4A-11D0-8D11-00A0C91BC942}") = "OpenLima", "OpenLima\OpenLima.vcxproj", "{37F0AB8D-96A8-4F40-BF9E-0982E51CA957}"
EndProject
Project("{8BC9CEB8-8B4A-11D0-8D11-00A0C91BC942}") = "LimaBeans", "LimaBeans\LimaBeans.vcxproj", "{A173F516-A8E3-4267-87D8-A5479CA0813A}"
EndProject
Global
	GlobalSection(SolutionConfigurationPlatforms) = preSolution
		Debug|Win32 = Debug|Win32
		Debug|x64 = Debug|x64
		Release|Win32 = Release|Win32
		Release|x64 = Release|x64
	EndGlobalSection
	GlobalSection(ProjectConfigurationPlatforms) = postSolution
		{37F0AB8D-96A8-4F40-BF9E-0982E51CA957}.Debug|Win32.ActiveCfg = Debug|Win32
		{37F0AB8D-96A8-4F40-BF9E-0982E51CA957}.Debug|Win32.Build.0 = Debug|Win32
		{37F0AB8D-96A8-4F40-BF9E-0982E51CA957}.Debug|x64.ActiveCfg = Debug|x64
		{37F0AB8D-96A8-4F40-BF9E-0982E51CA957}.Debug|x64.Build.0 = Debug|x64
		{37F0AB8D-96A8-4F40-BF9E-0982E51CA957}.Release|Win32.ActiveCfg = Release|Win32
		{37F0AB8D-96A8-4F40-BF9E-0982E51CA957}.Release|Win32.Build.0 = Release|Win32
		{37F0AB8D-96A8-4F40-BF9E-0982E51CA957}.Release|x64.ActiveCfg = Release|x64
		{37F0AB8D-96A8-4F40-BF9E-0982E51CA957}.Release|x64.Build.0 = Release|x64
		{A173F516-A8E3-4267-87D8-A5479CA0813A}.Debug|Win32.ActiveCfg = Debug|Win32
		{A173F516-A8E3-4267-87D8-A5479CA0813A}.Debug|Win32.Build.0 = Debug|Win32
		{A173F516-A8E3-4267-87D8-A5479CA0813A}.Debug|x64.ActiveCfg = Debug|x64
		{A173F516-A8E3-4267-87D8-A5479CA0813A}.Debug|x64.Build.0 = Debug|x64
		{A173F516-A8E3-4267-87D8-A5479CA0813A}.Release|Win32.ActiveCfg = Release|Win32
		{A173F516-A8E3-4267-87D8-A5479CA0813A}.Release|Win32.Build.0 = Release|Win32
		{A173F516-A8E3-4267-87D8-A5479CA0813A}.Release|x64.ActiveCfg = Release|x64
		{A173F516-A8E3-4267-87D8-A5479CA0813A}.Release|x64.Build.0 = Release|x64
	EndGlobalSection
	GlobalSection(SolutionProperties) = preSolution
		HideSolutionNode = FALSE
	EndGlobalSection
EndGlobal
