<?xml version="1.0" encoding="utf-8"?>
<Project ToolsVersion="4.0" xmlns="http://schemas.microsoft.com/developer/msbuild/2003">
  <ItemGroup>
    <Filter Include="Quelldateien">
      <UniqueIdentifier>{4FC737F1-C7A5-4376-A066-2A32D752A2FF}</UniqueIdentifier>
      <Extensions>cpp;c;cc;cxx;def;odl;idl;hpj;bat;asm;asmx</Extensions>
    </Filter>
    <Filter Include="Headerdateien">
      <UniqueIdentifier>{93995380-89BD-4b04-88EB-625FBE52EBFB}</UniqueIdentifier>
      <Extensions>h;hpp;hxx;hm;inl;inc;xsd</Extensions>
    </Filter>
    <Filter Include="Ressourcendateien">
      <UniqueIdentifier>{67DA6AB6-F800-4c08-8B7A-83BB121AAD01}</UniqueIdentifier>
      <Extensions>rc;ico;cur;bmp;dlg;rc2;rct;bin;rgs;gif;jpg;jpeg;jpe;resx;tiff;tif;png;wav;mfcribbon-ms</Extensions>
    </Filter>
    <Filter Include="Headerdateien\util">
      <UniqueIdentifier>{e4cdc58b-d154-4f91-aed2-df93881d3168}</UniqueIdentifier>
    </Filter>
    <Filter Include="Headerdateien\graphics">
      <UniqueIdentifier>{45a10c13-9fd1-4626-a8af-24cba524cf99}</UniqueIdentifier>
    </Filter>
    <Filter Include="Headerdateien\audio">
      <UniqueIdentifier>{62eb1eb0-def8-4b06-9571-f7c7dbe34238}</UniqueIdentifier>
    </Filter>
    <Filter Include="Headerdateien\game">
      <UniqueIdentifier>{dd1557cf-d9d4-4b74-868a-f8317c5e277d}</UniqueIdentifier>
    </Filter>
    <Filter Include="Headerdateien\physics">
      <UniqueIdentifier>{3a8dc06b-f444-4323-b177-b1708ac03ca5}</UniqueIdentifier>
    </Filter>
    <Filter Include="Quelldateien\graphics">
      <UniqueIdentifier>{daae2f55-b124-4987-8adc-18f946ff49f7}</UniqueIdentifier>
    </Filter>
    <Filter Include="Quelldateien\audio">
      <UniqueIdentifier>{6affbc9c-cea5-4957-bf45-cd6ed3227f96}</UniqueIdentifier>
    </Filter>
    <Filter Include="Quelldateien\game">
      <UniqueIdentifier>{e231e680-04c4-47e8-9ee7-60945383c02e}</UniqueIdentifier>
    </Filter>
    <Filter Include="Quelldateien\physics">
      <UniqueIdentifier>{4209f380-18de-4ce9-9feb-b4d482e84963}</UniqueIdentifier>
    </Filter>
    <Filter Include="Quelldateien\util">
      <UniqueIdentifier>{f94cff8d-9b3c-4f8f-b714-0076211abe7e}</UniqueIdentifier>
    </Filter>
    <Filter Include="Headerdateien\input">
      <UniqueIdentifier>{67a14ba9-c207-4b69-886e-8775e8f32328}</UniqueIdentifier>
    </Filter>
    <Filter Include="Quelldateien\input">
      <UniqueIdentifier>{8cf4a2b0-2406-450d-8413-844c32ece608}</UniqueIdentifier>
    </Filter>
  </ItemGroup>
  <ItemGroup>
    <ClInclude Include="src\openlima\util\macros.hpp">
      <Filter>Headerdateien\util</Filter>
    </ClInclude>
    <ClInclude Include="src\openlima\graphics\Window.hpp">
      <Filter>Headerdateien\graphics</Filter>
    </ClInclude>
    <ClInclude Include="src\openlima\graphics\IRenderable.hpp">
      <Filter>Headerdateien\graphics</Filter>
    </ClInclude>
    <ClInclude Include="src\openlima\graphics\Mesh.hpp">
      <Filter>Headerdateien\graphics</Filter>
    </ClInclude>
    <ClInclude Include="src\openlima\graphics\StaticMesh.hpp">
      <Filter>Headerdateien\graphics</Filter>
    </ClInclude>
    <ClInclude Include="src\openlima\graphics\WavefrontObjReader.hpp">
      <Filter>Headerdateien\graphics</Filter>
    </ClInclude>
    <ClInclude Include="src\openlima\util\Vector3.hpp">
      <Filter>Headerdateien\util</Filter>
    </ClInclude>
    <ClInclude Include="src\openlima\util\Vector3f.hpp">
      <Filter>Headerdateien\util</Filter>
    </ClInclude>
    <ClInclude Include="src\openlima\util\Vector3i.hpp">
      <Filter>Headerdateien\util</Filter>
    </ClInclude>
    <ClInclude Include="src\openlima\input\Mouse.hpp">
      <Filter>Headerdateien\input</Filter>
    </ClInclude>
    <ClInclude Include="src\openlima\util\Vector2.hpp">
      <Filter>Headerdateien\util</Filter>
    </ClInclude>
    <ClInclude Include="src\openlima\util\Vector2i.hpp">
      <Filter>Headerdateien\util</Filter>
    </ClInclude>
    <ClInclude Include="src\openlima\util\Vector2f.hpp">
      <Filter>Headerdateien\util</Filter>
    </ClInclude>
    <ClInclude Include="src\openlima\input\GlobalMouse.hpp">
      <Filter>Headerdateien\input</Filter>
    </ClInclude>
    <ClInclude Include="src\openlima\input\MouseMoveEvent.hpp">
      <Filter>Headerdateien</Filter>
    </ClInclude>
    <ClInclude Include="src\openlima\input\MouseClickEvent.hpp">
      <Filter>Headerdateien</Filter>
    </ClInclude>
    <ClInclude Include="src\openlima\input\MouseButton.hpp">
      <Filter>Headerdateien</Filter>
    </ClInclude>
    <ClInclude Include="src\openlima\input\MouseButtonState.hpp">
      <Filter>Headerdateien</Filter>
    </ClInclude>
    <ClInclude Include="src\openlima\util\Path.hpp">
      <Filter>Headerdateien</Filter>
    </ClInclude>
  </ItemGroup>
  <ItemGroup>
    <ClCompile Include="src\openlima\graphics\Window.cpp">
      <Filter>Quelldateien\graphics</Filter>
    </ClCompile>
    <ClCompile Include="src\openlima\graphics\StaticMesh.cpp">
      <Filter>Quelldateien\graphics</Filter>
    </ClCompile>
    <ClCompile Include="src\openlima\graphics\WavefrontObjReader.cpp">
      <Filter>Quelldateien\graphics</Filter>
    </ClCompile>
    <ClCompile Include="src\openlima\input\Mouse.cpp">
      <Filter>Quelldateien\input</Filter>
    </ClCompile>
    <ClCompile Include="src\openlima\input\MouseClickEvent.cpp">
      <Filter>Quelldateien</Filter>
    </ClCompile>
    <ClCompile Include="src\openlima\input\MouseMoveEvent.cpp">
      <Filter>Quelldateien</Filter>
    </ClCompile>
    <ClCompile Include="src\openlima\input\GlobalMouse.cpp">
      <Filter>Quelldateien</Filter>
    </ClCompile>
    <ClCompile Include="src\openlima\util\Path.cpp">
      <Filter>Quelldateien</Filter>
    </ClCompile>
  </ItemGroup>
</Project>